{
  "R": {
    "Version": "4.1.1",
    "Repositories": [
      {
        "Name": "CRAN",
        "URL": "https://cran.ism.ac.jp"
      }
    ]
  },
  "Packages": {
    "BBmisc": {
      "Package": "BBmisc",
      "Version": "1.13",
      "Source": "Repository",
      "Repository": "CRAN",
      "Hash": "005fd5ee75240b66b9df92c7cb32a913",
      "Requirements": [
        "checkmate",
        "data.table"
      ]
    },
    "MASS": {
      "Package": "MASS",
      "Version": "7.3-58.1",
      "Source": "Repository",
      "Repository": "CRAN",
      "Hash": "762e1804143a332333c054759f89a706",
      "Requirements": []
    },
    "Matrix": {
      "Package": "Matrix",
      "Version": "1.5-1",
      "Source": "Repository",
      "Repository": "CRAN",
      "Hash": "539dc0c0c05636812f1080f473d2c177",
      "Requirements": [
        "lattice"
      ]
    },
    "ParamHelpers": {
      "Package": "ParamHelpers",
      "Version": "1.14.1",
      "Source": "Repository",
      "Repository": "CRAN",
      "Hash": "dda0d7ba36ef2e682707c0ba7aa7a7f8",
      "Requirements": [
        "BBmisc",
        "backports",
        "checkmate",
        "fastmatch"
      ]
    },
    "R6": {
      "Package": "R6",
      "Version": "2.5.1",
      "Source": "Repository",
      "Repository": "CRAN",
      "Hash": "470851b6d5d0ac559e9d01bb352b4021",
      "Requirements": []
    },
    "RColorBrewer": {
      "Package": "RColorBrewer",
      "Version": "1.1-3",
      "Source": "Repository",
      "Repository": "CRAN",
      "Hash": "45f0398006e83a5b10b72a90663d8d8c",
      "Requirements": []
    },
    "RJSONIO": {
      "Package": "RJSONIO",
      "Version": "1.3-1.6",
      "Source": "Repository",
      "Repository": "CRAN",
      "Hash": "0c7658433758cea5bcae50edd02b55b7",
      "Requirements": []
    },
    "Rcpp": {
      "Package": "Rcpp",
      "Version": "1.0.9",
      "Source": "Repository",
      "Repository": "CRAN",
      "Hash": "e9c08b94391e9f3f97355841229124f2",
      "Requirements": []
    },
    "RcppArmadillo": {
      "Package": "RcppArmadillo",
      "Version": "0.11.4.0.1",
      "Source": "Repository",
      "Repository": "CRAN",
      "Hash": "411952f0aca6398392dad34f225753b9",
      "Requirements": [
        "Rcpp"
      ]
    },
    "RcppEigen": {
      "Package": "RcppEigen",
      "Version": "0.3.3.9.2",
      "Source": "Repository",
      "Repository": "CRAN",
      "Hash": "4c86baed78388ceb06f88e3e9a1d87f5",
      "Requirements": [
        "Matrix",
        "Rcpp"
      ]
    },
    "RcppParallel": {
      "Package": "RcppParallel",
      "Version": "5.1.5",
      "Source": "Repository",
      "Repository": "CRAN",
      "Hash": "f3e94e34ff656a7c8336ce01207bc2b8",
      "Requirements": []
    },
    "TSP": {
      "Package": "TSP",
      "Version": "1.2-1",
      "Source": "Repository",
      "Repository": "CRAN",
      "Hash": "ecd45bbf66cdc3bd4554154de9d253ab",
      "Requirements": [
        "foreach"
      ]
    },
    "XML": {
      "Package": "XML",
      "Version": "3.99-0.11",
      "Source": "Repository",
      "Repository": "CRAN",
      "Hash": "1b8a72068e9137d4dcd1df27d092e3cc",
      "Requirements": []
    },
    "ape": {
      "Package": "ape",
      "Version": "5.6-2",
      "Source": "Repository",
      "Repository": "CRAN",
      "Hash": "894108412a7ec23d5de85cdcce871c8b",
      "Requirements": [
        "Rcpp",
        "lattice",
        "nlme"
      ]
    },
    "askpass": {
      "Package": "askpass",
      "Version": "1.1",
      "Source": "Repository",
      "Repository": "CRAN",
      "Hash": "e8a22846fff485f0be3770c2da758713",
      "Requirements": [
        "sys"
      ]
    },
    "backports": {
      "Package": "backports",
      "Version": "1.4.1",
      "Source": "Repository",
      "Repository": "CRAN",
      "Hash": "c39fbec8a30d23e721980b8afb31984c",
      "Requirements": []
    },
    "base64enc": {
      "Package": "base64enc",
      "Version": "0.1-3",
      "Source": "Repository",
      "Repository": "CRAN",
      "Hash": "543776ae6848fde2f48ff3816d0628bc",
      "Requirements": []
    },
    "breedSimulatR": {
      "Package": "breedSimulatR",
      "Version": "0.3.2",
      "Source": "Repository",
      "Repository": null,
      "Hash": "495d7638fe939874543193677080947f",
      "Requirements": [
        "R6",
        "data.table",
        "vcfR"
      ]
    },
    "cachem": {
      "Package": "cachem",
      "Version": "1.0.6",
      "Source": "Repository",
      "Repository": "CRAN",
      "Hash": "648c5b3d71e6a37e3043617489a0a0e9",
      "Requirements": [
        "fastmap",
        "rlang"
      ]
    },
    "checkmate": {
      "Package": "checkmate",
      "Version": "2.1.0",
      "Source": "Repository",
      "Repository": "CRAN",
      "Hash": "147e4db6909d8814bb30f671b49d7e06",
      "Requirements": [
        "backports"
      ]
    },
    "cli": {
      "Package": "cli",
      "Version": "3.4.1",
      "Source": "Repository",
      "Repository": "CRAN",
      "Hash": "0d297d01734d2bcea40197bd4971a764",
      "Requirements": []
    },
    "cluster": {
      "Package": "cluster",
      "Version": "2.1.2",
      "Source": "Repository",
      "Repository": "CRAN",
      "Hash": "ce49bfe5bc0b3ecd43a01fe1b01c2243",
      "Requirements": []
    },
    "colorspace": {
      "Package": "colorspace",
      "Version": "2.0-3",
      "Source": "Repository",
      "Repository": "CRAN",
      "Hash": "bb4341986bc8b914f0f0acf2e4a3f2f7",
      "Requirements": []
    },
    "cpp11": {
      "Package": "cpp11",
      "Version": "0.4.2",
      "Source": "Repository",
      "Repository": "CRAN",
      "Hash": "fa53ce256cd280f468c080a58ea5ba8c",
      "Requirements": []
    },
    "crosstalk": {
      "Package": "crosstalk",
      "Version": "1.2.0",
      "Source": "Repository",
      "Repository": "CRAN",
      "Hash": "6aa54f69598c32177e920eb3402e8293",
      "Requirements": [
        "R6",
        "htmltools",
        "jsonlite",
        "lazyeval"
      ]
    },
    "curl": {
      "Package": "curl",
      "Version": "4.3.3",
      "Source": "Repository",
      "Repository": "CRAN",
      "Hash": "0eb86baa62f06e8855258fa5a8048667",
      "Requirements": []
    },
    "data.table": {
      "Package": "data.table",
      "Version": "1.14.2",
      "Source": "Repository",
      "Repository": "CRAN",
      "Hash": "36b67b5adf57b292923f5659f5f0c853",
      "Requirements": []
    },
    "digest": {
      "Package": "digest",
      "Version": "0.6.29",
      "Source": "Repository",
      "Repository": "CRAN",
      "Hash": "cf6b206a045a684728c3267ef7596190",
      "Requirements": []
    },
    "dotenv": {
      "Package": "dotenv",
      "Version": "1.0.3",
      "Source": "Repository",
      "Repository": "CRAN",
      "Hash": "7e1213a65b6190437c644a14ec814ef3",
      "Requirements": []
    },
    "dplyr": {
      "Package": "dplyr",
      "Version": "1.0.10",
      "Source": "Repository",
      "Repository": "CRAN",
      "Hash": "539412282059f7f0c07295723d23f987",
      "Requirements": [
        "R6",
        "generics",
        "glue",
        "lifecycle",
        "magrittr",
        "pillar",
        "rlang",
        "tibble",
        "tidyselect",
        "vctrs"
      ]
    },
    "ellipsis": {
      "Package": "ellipsis",
      "Version": "0.3.2",
      "Source": "Repository",
      "Repository": "CRAN",
      "Hash": "bb0eec2fe32e88d9e2836c2f73ea2077",
      "Requirements": [
        "rlang"
      ]
    },
    "evaluate": {
      "Package": "evaluate",
      "Version": "0.14",
      "Source": "Repository",
      "Repository": "CRAN",
      "Hash": "ec8ca05cffcc70569eaaad8469d2a3a7",
      "Requirements": []
    },
    "fansi": {
      "Package": "fansi",
      "Version": "1.0.3",
      "Source": "Repository",
      "Repository": "CRAN",
      "Hash": "83a8afdbe71839506baa9f90eebad7ec",
      "Requirements": []
    },
    "farver": {
      "Package": "farver",
      "Version": "2.1.1",
      "Source": "Repository",
      "Repository": "CRAN",
      "Hash": "8106d78941f34855c440ddb946b8f7a5",
      "Requirements": []
    },
    "fastmap": {
      "Package": "fastmap",
      "Version": "1.1.0",
      "Source": "Repository",
      "Repository": "CRAN",
      "Hash": "77bd60a6157420d4ffa93b27cf6a58b8",
      "Requirements": []
    },
    "fastmatch": {
      "Package": "fastmatch",
      "Version": "1.1-3",
      "Source": "Repository",
      "Repository": "CRAN",
      "Hash": "dabc225759a2c2b241e60e42bf0e8e54",
      "Requirements": []
    },
    "foreach": {
      "Package": "foreach",
      "Version": "1.5.2",
      "Source": "Repository",
      "Repository": "CRAN",
      "Hash": "618609b42c9406731ead03adf5379850",
      "Requirements": [
        "iterators"
      ]
    },
    "gaston": {
      "Package": "gaston",
      "Version": "1.5.7",
      "Source": "Repository",
      "Repository": "CRAN",
      "Hash": "834354144af44135e7dabd36f71ecdb8",
      "Requirements": [
        "Rcpp",
        "RcppEigen",
        "RcppParallel"
      ]
    },
    "generics": {
      "Package": "generics",
      "Version": "0.1.3",
      "Source": "Repository",
      "Repository": "CRAN",
      "Hash": "15e9634c0fcd294799e9b2e929ed1b86",
      "Requirements": []
    },
    "ggplot2": {
      "Package": "ggplot2",
      "Version": "3.3.6",
      "Source": "Repository",
      "Repository": "CRAN",
      "Hash": "0fb26d0674c82705c6b701d1a61e02ea",
      "Requirements": [
        "MASS",
        "digest",
        "glue",
        "gtable",
        "isoband",
        "mgcv",
        "rlang",
        "scales",
        "tibble",
        "withr"
      ]
    },
    "git2r": {
      "Package": "git2r",
      "Version": "0.29.0",
      "Source": "Repository",
      "Repository": "CRAN",
      "Hash": "b114135c4749076bd5ef74a5827b6f62",
      "Requirements": []
    },
    "glmnet": {
      "Package": "glmnet",
      "Version": "4.1-4",
      "Source": "Repository",
      "Repository": "CRAN",
      "Hash": "416617ecd799fe4e352c1fdc2c9e4559",
      "Requirements": [
        "Matrix",
        "Rcpp",
        "RcppEigen",
        "foreach",
        "shape",
        "survival"
      ]
    },
    "glue": {
      "Package": "glue",
      "Version": "1.6.2",
      "Source": "Repository",
      "Repository": "CRAN",
      "Hash": "4f2596dfb05dac67b9dc558e5c6fba2e",
      "Requirements": []
    },
    "gtable": {
      "Package": "gtable",
      "Version": "0.3.1",
      "Source": "Repository",
      "Repository": "CRAN",
      "Hash": "36b4265fb818f6a342bed217549cd896",
      "Requirements": []
    },
    "highr": {
      "Package": "highr",
      "Version": "0.9",
      "Source": "Repository",
      "Repository": "CRAN",
      "Hash": "8eb36c8125038e648e5d111c0d7b2ed4",
      "Requirements": [
        "xfun"
      ]
    },
    "htmltools": {
      "Package": "htmltools",
      "Version": "0.5.3",
      "Source": "Repository",
      "Repository": "CRAN",
      "Hash": "6496090a9e00f8354b811d1a2d47b566",
      "Requirements": [
        "base64enc",
        "digest",
        "fastmap",
        "rlang"
      ]
    },
    "htmlwidgets": {
      "Package": "htmlwidgets",
      "Version": "1.5.4",
      "Source": "Repository",
      "Repository": "CRAN",
      "Hash": "76147821cd3fcd8c4b04e1ef0498e7fb",
      "Requirements": [
        "htmltools",
        "jsonlite",
        "yaml"
      ]
    },
    "httr": {
      "Package": "httr",
      "Version": "1.4.4",
      "Source": "Repository",
      "Repository": "CRAN",
      "Hash": "57557fac46471f0dbbf44705cc6a5c8c",
      "Requirements": [
        "R6",
        "curl",
        "jsonlite",
        "mime",
        "openssl"
      ]
    },
    "isoband": {
      "Package": "isoband",
      "Version": "0.2.6",
      "Source": "Repository",
      "Repository": "CRAN",
      "Hash": "cfdea9dea85c1a973991c8cbe299f4da",
      "Requirements": []
    },
    "iterators": {
      "Package": "iterators",
      "Version": "1.0.14",
      "Source": "Repository",
      "Repository": "CRAN",
      "Hash": "8954069286b4b2b0d023d1b288dce978",
      "Requirements": []
    },
    "jquerylib": {
      "Package": "jquerylib",
      "Version": "0.1.4",
      "Source": "Repository",
      "Repository": "CRAN",
      "Hash": "5aab57a3bd297eee1c1d862735972182",
      "Requirements": [
        "htmltools"
      ]
    },
    "jsonlite": {
      "Package": "jsonlite",
      "Version": "1.8.2",
      "Source": "Repository",
      "Repository": "CRAN",
      "Hash": "2e7ed071fd6bd047fe2366d3adf4fe46",
      "Requirements": []
    },
    "knitr": {
      "Package": "knitr",
      "Version": "1.37",
      "Source": "Repository",
      "Repository": "CRAN",
      "Hash": "a4ec675eb332a33fe7b7fe26f70e1f98",
      "Requirements": [
        "evaluate",
        "highr",
        "stringr",
        "xfun",
        "yaml"
      ]
    },
    "labeling": {
      "Package": "labeling",
      "Version": "0.4.2",
      "Source": "Repository",
      "Repository": "CRAN",
      "Hash": "3d5108641f47470611a32d0bdf357a72",
      "Requirements": []
    },
    "later": {
      "Package": "later",
      "Version": "1.3.0",
      "Source": "Repository",
      "Repository": "CRAN",
      "Hash": "7e7b457d7766bc47f2a5f21cc2984f8e",
      "Requirements": [
        "Rcpp",
        "rlang"
      ]
    },
    "lattice": {
      "Package": "lattice",
      "Version": "0.20-45",
      "Source": "Repository",
      "Repository": "CRAN",
      "Hash": "b64cdbb2b340437c4ee047a1f4c4377b",
      "Requirements": []
    },
    "lazyeval": {
      "Package": "lazyeval",
      "Version": "0.2.2",
      "Source": "Repository",
      "Repository": "CRAN",
      "Hash": "d908914ae53b04d4c0c0fd72ecc35370",
      "Requirements": []
    },
    "lhs": {
      "Package": "lhs",
      "Version": "1.1.5",
      "Source": "Repository",
      "Repository": "CRAN",
      "Hash": "dcd40e09bb097115d584d525850ea124",
      "Requirements": [
        "Rcpp"
      ]
    },
    "lifecycle": {
      "Package": "lifecycle",
      "Version": "1.0.3",
      "Source": "Repository",
      "Repository": "CRAN",
      "Hash": "001cecbeac1cff9301bdc3775ee46a86",
      "Requirements": [
        "cli",
        "glue",
        "rlang"
      ]
    },
    "magrittr": {
      "Package": "magrittr",
      "Version": "2.0.3",
      "Source": "Repository",
      "Repository": "CRAN",
      "Hash": "7ce2733a9826b3aeb1775d56fd305472",
      "Requirements": []
    },
    "mco": {
      "Package": "mco",
      "Version": "1.15.6",
      "Source": "Repository",
      "Repository": "CRAN",
      "Hash": "d5f17ca0f361747be867c7c3273bbc47",
      "Requirements": []
    },
    "memoise": {
      "Package": "memoise",
      "Version": "2.0.1",
      "Source": "Repository",
      "Repository": "CRAN",
      "Hash": "e2817ccf4a065c5d9d7f2cfbe7c1d78c",
      "Requirements": [
        "cachem",
        "rlang"
      ]
    },
    "memuse": {
      "Package": "memuse",
      "Version": "4.2-1",
      "Source": "Repository",
      "Repository": "CRAN",
      "Hash": "036935e7ecfa404c8c65045db9297736",
      "Requirements": []
    },
    "mgcv": {
      "Package": "mgcv",
      "Version": "1.8-40",
      "Source": "Repository",
      "Repository": "CRAN",
      "Hash": "c6b2fdb18cf68ab613bd564363e1ba0d",
      "Requirements": [
        "Matrix",
        "nlme"
      ]
    },
    "mime": {
      "Package": "mime",
      "Version": "0.12",
      "Source": "Repository",
      "Repository": "CRAN",
      "Hash": "18e9c28c1d3ca1560ce30658b22ce104",
      "Requirements": []
    },
    "misc3d": {
      "Package": "misc3d",
      "Version": "0.9-1",
      "Source": "Repository",
      "Repository": "CRAN",
      "Hash": "c075218a4fc802bab009a7f5e01bb686",
      "Requirements": []
    },
    "mlr": {
      "Package": "mlr",
      "Version": "2.19.1",
      "Source": "Repository",
      "Repository": "CRAN",
      "Hash": "0ad15afdcdf8b5588a65177e9f81b79b",
      "Requirements": [
        "BBmisc",
        "ParamHelpers",
        "XML",
        "backports",
        "checkmate",
        "data.table",
        "ggplot2",
        "parallelMap",
        "stringi",
        "survival"
      ]
    },
    "mlrMBO": {
      "Package": "mlrMBO",
      "Version": "1.1.5.1",
      "Source": "Repository",
      "Repository": "CRAN",
      "Hash": "6b94bdaa698f6e4cabfc2d8119e9eeda",
      "Requirements": [
        "BBmisc",
        "ParamHelpers",
        "backports",
        "checkmate",
        "data.table",
        "lhs",
        "mlr",
        "parallelMap",
        "smoof"
      ]
    },
    "munsell": {
      "Package": "munsell",
      "Version": "0.5.0",
      "Source": "Repository",
      "Repository": "CRAN",
      "Hash": "6dfe8bf774944bd5595785e3229d8771",
      "Requirements": [
        "colorspace"
      ]
    },
    "nlme": {
      "Package": "nlme",
      "Version": "3.1-159",
      "Source": "Repository",
      "Repository": "CRAN",
      "Hash": "4a0b3a68f846cb999ff0e8e519524fbb",
      "Requirements": [
        "lattice"
      ]
    },
    "openssl": {
      "Package": "openssl",
      "Version": "2.0.3",
      "Source": "Repository",
      "Repository": "CRAN",
      "Hash": "b9621e75c0652041002a19609fb23c5a",
      "Requirements": [
        "askpass"
      ]
    },
    "parallelMap": {
      "Package": "parallelMap",
      "Version": "1.5.1",
      "Source": "Repository",
      "Repository": "CRAN",
      "Hash": "3f3c911183a84966c793987f5d73f3e6",
      "Requirements": [
        "BBmisc",
        "checkmate"
      ]
    },
    "permute": {
      "Package": "permute",
      "Version": "0.9-7",
      "Source": "Repository",
      "Repository": "CRAN",
      "Hash": "abf0ca85c1c752e0d04f46334e635046",
      "Requirements": []
    },
    "pillar": {
      "Package": "pillar",
      "Version": "1.8.1",
      "Source": "Repository",
      "Repository": "CRAN",
      "Hash": "f2316df30902c81729ae9de95ad5a608",
      "Requirements": [
        "cli",
        "fansi",
        "glue",
        "lifecycle",
        "rlang",
        "utf8",
        "vctrs"
      ]
    },
    "pinfsc50": {
      "Package": "pinfsc50",
      "Version": "1.2.0",
      "Source": "Repository",
      "Repository": "CRAN",
      "Hash": "5dac0cdf71c6800beb52326fbb1d4956",
      "Requirements": []
    },
    "pkgconfig": {
      "Package": "pkgconfig",
      "Version": "2.0.3",
      "Source": "Repository",
      "Repository": "CRAN",
      "Hash": "01f28d4278f15c76cddbea05899c5d6f",
      "Requirements": []
    },
    "plot3D": {
      "Package": "plot3D",
      "Version": "1.4",
      "Source": "Repository",
      "Repository": "CRAN",
      "Hash": "092e8bfd36dc747184cb56e4686f0cd3",
      "Requirements": [
        "misc3d"
      ]
    },
    "plotly": {
      "Package": "plotly",
      "Version": "4.10.0",
      "Source": "Repository",
      "Repository": "CRAN",
      "Hash": "fbb11e44d057996ca5fe40d959cacfb0",
      "Requirements": [
        "RColorBrewer",
        "base64enc",
        "crosstalk",
        "data.table",
        "digest",
        "dplyr",
        "ggplot2",
        "htmltools",
        "htmlwidgets",
        "httr",
        "jsonlite",
        "lazyeval",
        "magrittr",
        "promises",
        "purrr",
        "rlang",
        "scales",
        "tibble",
        "tidyr",
        "vctrs",
        "viridisLite"
      ]
    },
    "promises": {
      "Package": "promises",
      "Version": "1.2.0.1",
      "Source": "Repository",
      "Repository": "CRAN",
      "Hash": "4ab2c43adb4d4699cf3690acd378d75d",
      "Requirements": [
        "R6",
        "Rcpp",
        "later",
        "magrittr",
        "rlang"
      ]
    },
    "purrr": {
      "Package": "purrr",
      "Version": "0.3.5",
      "Source": "Repository",
      "Repository": "CRAN",
      "Hash": "54842a2443c76267152eface28d9e90a",
      "Requirements": [
        "magrittr",
        "rlang"
      ]
    },
    "renv": {
      "Package": "renv",
      "Version": "0.15.2",
      "Source": "Repository",
      "Repository": "CRAN",
      "Hash": "206c4ef8b7ad6fb1060d69aa7b9dfe69",
      "Requirements": []
    },
    "rlang": {
      "Package": "rlang",
      "Version": "1.0.6",
      "Source": "Repository",
      "Repository": "CRAN",
      "Hash": "4ed1f8336c8d52c3e750adcdc57228a7",
      "Requirements": []
    },
    "rmarkdown": {
      "Package": "rmarkdown",
      "Version": "2.11",
      "Source": "Repository",
      "Repository": "CRAN",
      "Hash": "320017b52d05a943981272b295750388",
      "Requirements": [
        "evaluate",
        "htmltools",
        "jquerylib",
        "jsonlite",
        "knitr",
        "stringr",
        "tinytex",
        "xfun",
        "yaml"
      ]
    },
    "scales": {
      "Package": "scales",
      "Version": "1.2.1",
      "Source": "Repository",
      "Repository": "CRAN",
      "Hash": "906cb23d2f1c5680b8ce439b44c6fa63",
      "Requirements": [
        "R6",
        "RColorBrewer",
        "farver",
        "labeling",
        "lifecycle",
        "munsell",
        "rlang",
        "viridisLite"
      ]
    },
    "shape": {
      "Package": "shape",
      "Version": "1.4.6",
      "Source": "Repository",
      "Repository": "CRAN",
      "Hash": "9067f962730f58b14d8ae54ca885509f",
      "Requirements": []
    },
    "slackr": {
      "Package": "slackr",
      "Version": "3.2.0",
      "Source": "Repository",
      "Repository": "CRAN",
      "Hash": "e9526968fabf1d75fb375e8d19afbfc0",
      "Requirements": [
        "cachem",
        "dplyr",
        "ggplot2",
        "httr",
        "jsonlite",
        "magrittr",
        "memoise",
        "rlang",
        "tibble",
        "withr"
      ]
    },
    "smoof": {
      "Package": "smoof",
      "Version": "1.6.0.2",
      "Source": "Repository",
      "Repository": "CRAN",
      "Hash": "df5d87f706a94c1f83294a9c2ca48889",
      "Requirements": [
        "BBmisc",
        "ParamHelpers",
        "RColorBrewer",
        "RJSONIO",
        "Rcpp",
        "RcppArmadillo",
        "checkmate",
        "ggplot2",
        "mco",
        "plot3D",
        "plotly"
      ]
    },
    "stringi": {
      "Package": "stringi",
      "Version": "1.7.8",
      "Source": "Repository",
      "Repository": "CRAN",
      "Hash": "a68b980681bcbc84c7a67003fa796bfb",
      "Requirements": []
    },
    "stringr": {
      "Package": "stringr",
      "Version": "1.4.0",
      "Source": "Repository",
      "Repository": "CRAN",
      "Hash": "0759e6b6c0957edb1311028a49a35e76",
      "Requirements": [
        "glue",
        "magrittr",
        "stringi"
      ]
    },
    "survival": {
      "Package": "survival",
      "Version": "3.4-0",
      "Source": "Repository",
      "Repository": "CRAN",
      "Hash": "04411ae66ab4659230c067c32966fc20",
      "Requirements": [
        "Matrix"
      ]
    },
    "sys": {
      "Package": "sys",
      "Version": "3.4",
      "Source": "Repository",
      "Repository": "CRAN",
      "Hash": "b227d13e29222b4574486cfcbde077fa",
      "Requirements": []
    },
    "tibble": {
      "Package": "tibble",
      "Version": "3.1.8",
      "Source": "Repository",
      "Repository": "CRAN",
      "Hash": "56b6934ef0f8c68225949a8672fe1a8f",
      "Requirements": [
        "fansi",
        "lifecycle",
        "magrittr",
        "pillar",
        "pkgconfig",
        "rlang",
        "vctrs"
      ]
    },
    "tidyr": {
      "Package": "tidyr",
      "Version": "1.2.1",
      "Source": "Repository",
      "Repository": "CRAN",
      "Hash": "cdb403db0de33ccd1b6f53b83736efa8",
      "Requirements": [
        "cpp11",
        "dplyr",
        "ellipsis",
        "glue",
        "lifecycle",
        "magrittr",
        "purrr",
        "rlang",
        "tibble",
        "tidyselect",
        "vctrs"
      ]
    },
    "tidyselect": {
      "Package": "tidyselect",
      "Version": "1.1.2",
      "Source": "Repository",
      "Repository": "CRAN",
      "Hash": "17f6da8cfd7002760a859915ce7eef8f",
      "Requirements": [
        "ellipsis",
        "glue",
        "purrr",
        "rlang",
        "vctrs"
      ]
    },
    "tinytex": {
      "Package": "tinytex",
      "Version": "0.36",
      "Source": "Repository",
      "Repository": "CRAN",
      "Hash": "130fe4c61e55b271a2655b3a284a205f",
      "Requirements": [
        "xfun"
      ]
    },
    "utf8": {
      "Package": "utf8",
      "Version": "1.2.2",
      "Source": "Repository",
      "Repository": "CRAN",
      "Hash": "c9c462b759a5cc844ae25b5942654d13",
      "Requirements": []
    },
    "vcfR": {
      "Package": "vcfR",
      "Version": "1.12.0",
      "Source": "Repository",
      "Repository": "CRAN",
      "Hash": "30497ceb662b1ed60fbf2a2b964e4e31",
      "Requirements": [
        "Rcpp",
        "ape",
        "dplyr",
        "magrittr",
        "memuse",
        "pinfsc50",
        "stringr",
        "tibble",
        "vegan",
        "viridisLite"
      ]
    },
    "vctrs": {
      "Package": "vctrs",
      "Version": "0.4.2",
      "Source": "Repository",
      "Repository": "CRAN",
      "Hash": "0e3dfc070b2a8f0478fcdf86fb33355d",
      "Requirements": [
        "cli",
        "glue",
        "rlang"
      ]
    },
    "vegan": {
      "Package": "vegan",
      "Version": "2.6-2",
      "Source": "Repository",
      "Repository": "CRAN",
      "Hash": "97bfb04067dc125eb0f00fda67801898",
      "Requirements": [
        "MASS",
        "cluster",
        "lattice",
        "mgcv",
        "permute"
      ]
    },
    "viridisLite": {
      "Package": "viridisLite",
      "Version": "0.4.1",
      "Source": "Repository",
      "Repository": "CRAN",
      "Hash": "62f4b5da3e08d8e5bcba6cac15603f70",
      "Requirements": []
    },
    "withr": {
      "Package": "withr",
      "Version": "2.5.0",
      "Source": "Repository",
      "Repository": "CRAN",
      "Hash": "c0e49a9760983e81e55cdd9be92e7182",
      "Requirements": []
    },
    "xfun": {
      "Package": "xfun",
      "Version": "0.29",
      "Source": "Repository",
      "Repository": "CRAN",
      "Hash": "e2e5fb1a74fbb68b27d6efc5372635dc",
      "Requirements": []
    },
    "yaml": {
      "Package": "yaml",
      "Version": "2.3.5",
      "Source": "Repository",
      "Repository": "CRAN",
      "Hash": "458bb38374d73bf83b1bb85e353da200",
      "Requirements": []
    }
  }
}
